
Microsoft Visual Studio Solution File, Format Version 12.00
# Visual Studio Version 17
VisualStudioVersion = 17.7.34024.191
MinimumVisualStudioVersion = 10.0.40219.1
Project("{FAE04EC0-301F-11D3-BF4B-00C04F79EFBC}") = "ColaDePrioridad", "ColaDePrioridad\ColaDePrioridad.csproj", "{140E1E15-AC0F-448A-9C0A-204C61C6D1DC}"
EndProject
Global
	GlobalSection(SolutionConfigurationPlatforms) = preSolution
		Debug|Any CPU = Debug|Any CPU
		Release|Any CPU = Release|Any CPU
	EndGlobalSection
	GlobalSection(ProjectConfigurationPlatforms) = postSolution
		{140E1E15-AC0F-448A-9C0A-204C61C6D1DC}.Debug|Any CPU.ActiveCfg = Debug|Any CPU
		{140E1E15-AC0F-448A-9C0A-204C61C6D1DC}.Debug|Any CPU.Build.0 = Debug|Any CPU
		{140E1E15-AC0F-448A-9C0A-204C61C6D1DC}.Release|Any CPU.ActiveCfg = Release|Any CPU
		{140E1E15-AC0F-448A-9C0A-204C61C6D1DC}.Release|Any CPU.Build.0 = Release|Any CPU
	EndGlobalSection
	GlobalSection(SolutionProperties) = preSolution
		HideSolutionNode = FALSE
	EndGlobalSection
	GlobalSection(ExtensibilityGlobals) = postSolution
		SolutionGuid = {2E267B39-C626-465C-9A46-612232B0B2A0}
	EndGlobalSection
EndGlobal
